{
  "name": "functions",
  "version": "1.0.0",
  "lockfileVersion": 1,
  "requires": true,
  "dependencies": {
    "darcy": {
      "version": "1.2.0",
      "resolved": "https://registry.npmjs.org/darcy/-/darcy-1.2.0.tgz",
      "integrity": "sha512-vdp13vKnt35JfS7tHAC5Gwao+PLqmrUm0QtgjYPcdcZ6T87QaDImpsrsPdboXVhViXXtvDD4Ii+8qbko3sOSjw=="
    }
  }
}
